// !$*UTF8*$!
{
	archiveVersion = 1;
	classes = {
	};
	objectVersion = 51;
	objects = {

/* Begin PBXBuildFile section */
		524A06E6D97A8DD8F53A4369 /* Pods_TodoApp_TodoAppUITests.framework in Frameworks */ = {isa = PBXBuildFile; fileRef = FC4AFDD0EA56EAD178B10ABB /* Pods_TodoApp_TodoAppUITests.framework */; };
		735B4D1F255C2159003AFF78 /* TodoAppApp.swift in Sources */ = {isa = PBXBuildFile; fileRef = 735B4D1E255C2159003AFF78 /* TodoAppApp.swift */; };
		735B4D21255C2159003AFF78 /* ContentView.swift in Sources */ = {isa = PBXBuildFile; fileRef = 735B4D20255C2159003AFF78 /* ContentView.swift */; };
		735B4D23255C215C003AFF78 /* Assets.xcassets in Resources */ = {isa = PBXBuildFile; fileRef = 735B4D22255C215C003AFF78 /* Assets.xcassets */; };
		735B4D26255C215C003AFF78 /* Preview Assets.xcassets in Resources */ = {isa = PBXBuildFile; fileRef = 735B4D25255C215C003AFF78 /* Preview Assets.xcassets */; };
		735B4D31255C215C003AFF78 /* TodoAppTests.swift in Sources */ = {isa = PBXBuildFile; fileRef = 735B4D30255C215C003AFF78 /* TodoAppTests.swift */; };
		735B4D3C255C215C003AFF78 /* TodoAppUITests.swift in Sources */ = {isa = PBXBuildFile; fileRef = 735B4D3B255C215C003AFF78 /* TodoAppUITests.swift */; };
		7363ACB4255C246C002BEF41 /* Todo.swift in Sources */ = {isa = PBXBuildFile; fileRef = 7363ACB3255C246C002BEF41 /* Todo.swift */; };
		7363ACC5255C38F0002BEF41 /* ToggleKeyBoardSupport.swift in Sources */ = {isa = PBXBuildFile; fileRef = 7363ACC4255C38F0002BEF41 /* ToggleKeyBoardSupport.swift */; };
		7363ACD0255C4557002BEF41 /* GoogleService-Info.plist in Resources */ = {isa = PBXBuildFile; fileRef = 7363ACCF255C4557002BEF41 /* GoogleService-Info.plist */; };
		7363AD5B255D5D8B002BEF41 /* TodoStorage.swift in Sources */ = {isa = PBXBuildFile; fileRef = 7363AD5A255D5D8B002BEF41 /* TodoStorage.swift */; };
		CB16656AF353B20E68CF891F /* Pods_TodoApp.framework in Frameworks */ = {isa = PBXBuildFile; fileRef = 03BF9870A1D30A4339CAD742 /* Pods_TodoApp.framework */; };
		CB5FBEB8381AAE4A27EFB606 /* Pods_TodoAppTests.framework in Frameworks */ = {isa = PBXBuildFile; fileRef = 4AEC244E4701AF8144B26A41 /* Pods_TodoAppTests.framework */; };
/* End PBXBuildFile section */

/* Begin PBXContainerItemProxy section */
		735B4D2D255C215C003AFF78 /* PBXContainerItemProxy */ = {
			isa = PBXContainerItemProxy;
			containerPortal = 735B4D13255C2159003AFF78 /* Project object */;
			proxyType = 1;
			remoteGlobalIDString = 735B4D1A255C2159003AFF78;
			remoteInfo = TodoApp;
		};
		735B4D38255C215C003AFF78 /* PBXContainerItemProxy */ = {
			isa = PBXContainerItemProxy;
			containerPortal = 735B4D13255C2159003AFF78 /* Project object */;
			proxyType = 1;
			remoteGlobalIDString = 735B4D1A255C2159003AFF78;
			remoteInfo = TodoApp;
		};
/* End PBXContainerItemProxy section */

/* Begin PBXFileReference section */
		03BF9870A1D30A4339CAD742 /* Pods_TodoApp.framework */ = {isa = PBXFileReference; explicitFileType = wrapper.framework; includeInIndex = 0; path = Pods_TodoApp.framework; sourceTree = BUILT_PRODUCTS_DIR; };
		0845C013BFA0041AF331DE7B /* Pods-TodoAppTests.debug.xcconfig */ = {isa = PBXFileReference; includeInIndex = 1; lastKnownFileType = text.xcconfig; name = "Pods-TodoAppTests.debug.xcconfig"; path = "Target Support Files/Pods-TodoAppTests/Pods-TodoAppTests.debug.xcconfig"; sourceTree = "<group>"; };
		27D63131D6B8AF9706E32535 /* Pods-TodoApp-TodoAppUITests.release.xcconfig */ = {isa = PBXFileReference; includeInIndex = 1; lastKnownFileType = text.xcconfig; name = "Pods-TodoApp-TodoAppUITests.release.xcconfig"; path = "Target Support Files/Pods-TodoApp-TodoAppUITests/Pods-TodoApp-TodoAppUITests.release.xcconfig"; sourceTree = "<group>"; };
		4AEC244E4701AF8144B26A41 /* Pods_TodoAppTests.framework */ = {isa = PBXFileReference; explicitFileType = wrapper.framework; includeInIndex = 0; path = Pods_TodoAppTests.framework; sourceTree = BUILT_PRODUCTS_DIR; };
		68FD34A9E41B407CCA033999 /* Pods-TodoApp.debug.xcconfig */ = {isa = PBXFileReference; includeInIndex = 1; lastKnownFileType = text.xcconfig; name = "Pods-TodoApp.debug.xcconfig"; path = "Target Support Files/Pods-TodoApp/Pods-TodoApp.debug.xcconfig"; sourceTree = "<group>"; };
		735B4D1B255C2159003AFF78 /* TodoApp.app */ = {isa = PBXFileReference; explicitFileType = wrapper.application; includeInIndex = 0; path = TodoApp.app; sourceTree = BUILT_PRODUCTS_DIR; };
		735B4D1E255C2159003AFF78 /* TodoAppApp.swift */ = {isa = PBXFileReference; lastKnownFileType = sourcecode.swift; path = TodoAppApp.swift; sourceTree = "<group>"; };
		735B4D20255C2159003AFF78 /* ContentView.swift */ = {isa = PBXFileReference; lastKnownFileType = sourcecode.swift; path = ContentView.swift; sourceTree = "<group>"; };
		735B4D22255C215C003AFF78 /* Assets.xcassets */ = {isa = PBXFileReference; lastKnownFileType = folder.assetcatalog; path = Assets.xcassets; sourceTree = "<group>"; };
		735B4D25255C215C003AFF78 /* Preview Assets.xcassets */ = {isa = PBXFileReference; lastKnownFileType = folder.assetcatalog; path = "Preview Assets.xcassets"; sourceTree = "<group>"; };
		735B4D27255C215C003AFF78 /* Info.plist */ = {isa = PBXFileReference; lastKnownFileType = text.plist.xml; path = Info.plist; sourceTree = "<group>"; };
		735B4D2C255C215C003AFF78 /* TodoAppTests.xctest */ = {isa = PBXFileReference; explicitFileType = wrapper.cfbundle; includeInIndex = 0; path = TodoAppTests.xctest; sourceTree = BUILT_PRODUCTS_DIR; };
		735B4D30255C215C003AFF78 /* TodoAppTests.swift */ = {isa = PBXFileReference; lastKnownFileType = sourcecode.swift; path = TodoAppTests.swift; sourceTree = "<group>"; };
		735B4D32255C215C003AFF78 /* Info.plist */ = {isa = PBXFileReference; lastKnownFileType = text.plist.xml; path = Info.plist; sourceTree = "<group>"; };
		735B4D37255C215C003AFF78 /* TodoAppUITests.xctest */ = {isa = PBXFileReference; explicitFileType = wrapper.cfbundle; includeInIndex = 0; path = TodoAppUITests.xctest; sourceTree = BUILT_PRODUCTS_DIR; };
		735B4D3B255C215C003AFF78 /* TodoAppUITests.swift */ = {isa = PBXFileReference; lastKnownFileType = sourcecode.swift; path = TodoAppUITests.swift; sourceTree = "<group>"; };
		735B4D3D255C215C003AFF78 /* Info.plist */ = {isa = PBXFileReference; lastKnownFileType = text.plist.xml; path = Info.plist; sourceTree = "<group>"; };
		7363ACB3255C246C002BEF41 /* Todo.swift */ = {isa = PBXFileReference; lastKnownFileType = sourcecode.swift; path = Todo.swift; sourceTree = "<group>"; };
		7363ACC4255C38F0002BEF41 /* ToggleKeyBoardSupport.swift */ = {isa = PBXFileReference; lastKnownFileType = sourcecode.swift; path = ToggleKeyBoardSupport.swift; sourceTree = "<group>"; };
		7363ACCF255C4557002BEF41 /* GoogleService-Info.plist */ = {isa = PBXFileReference; fileEncoding = 4; lastKnownFileType = text.plist.xml; path = "GoogleService-Info.plist"; sourceTree = "<group>"; };
		7363AD5A255D5D8B002BEF41 /* TodoStorage.swift */ = {isa = PBXFileReference; lastKnownFileType = sourcecode.swift; path = TodoStorage.swift; sourceTree = "<group>"; };
		BDF7988128B9C14C7F2CDB18 /* Pods-TodoAppTests.release.xcconfig */ = {isa = PBXFileReference; includeInIndex = 1; lastKnownFileType = text.xcconfig; name = "Pods-TodoAppTests.release.xcconfig"; path = "Target Support Files/Pods-TodoAppTests/Pods-TodoAppTests.release.xcconfig"; sourceTree = "<group>"; };
		D13583159043C6145A2EEA26 /* Pods-TodoApp-TodoAppUITests.debug.xcconfig */ = {isa = PBXFileReference; includeInIndex = 1; lastKnownFileType = text.xcconfig; name = "Pods-TodoApp-TodoAppUITests.debug.xcconfig"; path = "Target Support Files/Pods-TodoApp-TodoAppUITests/Pods-TodoApp-TodoAppUITests.debug.xcconfig"; sourceTree = "<group>"; };
		F79B90CF241BB0F92AF0D84B /* Pods-TodoApp.release.xcconfig */ = {isa = PBXFileReference; includeInIndex = 1; lastKnownFileType = text.xcconfig; name = "Pods-TodoApp.release.xcconfig"; path = "Target Support Files/Pods-TodoApp/Pods-TodoApp.release.xcconfig"; sourceTree = "<group>"; };
		FC4AFDD0EA56EAD178B10ABB /* Pods_TodoApp_TodoAppUITests.framework */ = {isa = PBXFileReference; explicitFileType = wrapper.framework; includeInIndex = 0; path = Pods_TodoApp_TodoAppUITests.framework; sourceTree = BUILT_PRODUCTS_DIR; };
/* End PBXFileReference section */

/* Begin PBXFrameworksBuildPhase section */
		735B4D18255C2159003AFF78 /* Frameworks */ = {
			isa = PBXFrameworksBuildPhase;
			buildActionMask = 2147483647;
			files = (
				CB16656AF353B20E68CF891F /* Pods_TodoApp.framework in Frameworks */,
			);
			runOnlyForDeploymentPostprocessing = 0;
		};
		735B4D29255C215C003AFF78 /* Frameworks */ = {
			isa = PBXFrameworksBuildPhase;
			buildActionMask = 2147483647;
			files = (
				CB5FBEB8381AAE4A27EFB606 /* Pods_TodoAppTests.framework in Frameworks */,
			);
			runOnlyForDeploymentPostprocessing = 0;
		};
		735B4D34255C215C003AFF78 /* Frameworks */ = {
			isa = PBXFrameworksBuildPhase;
			buildActionMask = 2147483647;
			files = (
				524A06E6D97A8DD8F53A4369 /* Pods_TodoApp_TodoAppUITests.framework in Frameworks */,
			);
			runOnlyForDeploymentPostprocessing = 0;
		};
/* End PBXFrameworksBuildPhase section */

/* Begin PBXGroup section */
		735B4D12255C2159003AFF78 = {
			isa = PBXGroup;
			children = (
				735B4D1D255C2159003AFF78 /* TodoApp */,
				735B4D2F255C215C003AFF78 /* TodoAppTests */,
				735B4D3A255C215C003AFF78 /* TodoAppUITests */,
				735B4D1C255C2159003AFF78 /* Products */,
				F0ECA8C1BC05A4DFC01DA1E5 /* Pods */,
				868D726D1058A2C7E27CB35F /* Frameworks */,
			);
			sourceTree = "<group>";
		};
		735B4D1C255C2159003AFF78 /* Products */ = {
			isa = PBXGroup;
			children = (
				735B4D1B255C2159003AFF78 /* TodoApp.app */,
				735B4D2C255C215C003AFF78 /* TodoAppTests.xctest */,
				735B4D37255C215C003AFF78 /* TodoAppUITests.xctest */,
			);
			name = Products;
			sourceTree = "<group>";
		};
		735B4D1D255C2159003AFF78 /* TodoApp */ = {
			isa = PBXGroup;
			children = (
				7363ACCF255C4557002BEF41 /* GoogleService-Info.plist */,
				735B4D1E255C2159003AFF78 /* TodoAppApp.swift */,
				735B4D20255C2159003AFF78 /* ContentView.swift */,
				735B4D22255C215C003AFF78 /* Assets.xcassets */,
				735B4D27255C215C003AFF78 /* Info.plist */,
				735B4D24255C215C003AFF78 /* Preview Content */,
				7363ACB3255C246C002BEF41 /* Todo.swift */,
				7363ACC4255C38F0002BEF41 /* ToggleKeyBoardSupport.swift */,
				7363AD5A255D5D8B002BEF41 /* TodoStorage.swift */,
			);
			path = TodoApp;
			sourceTree = "<group>";
		};
		735B4D24255C215C003AFF78 /* Preview Content */ = {
			isa = PBXGroup;
			children = (
				735B4D25255C215C003AFF78 /* Preview Assets.xcassets */,
			);
			path = "Preview Content";
			sourceTree = "<group>";
		};
		735B4D2F255C215C003AFF78 /* TodoAppTests */ = {
			isa = PBXGroup;
			children = (
				735B4D30255C215C003AFF78 /* TodoAppTests.swift */,
				735B4D32255C215C003AFF78 /* Info.plist */,
			);
			path = TodoAppTests;
			sourceTree = "<group>";
		};
		735B4D3A255C215C003AFF78 /* TodoAppUITests */ = {
			isa = PBXGroup;
			children = (
				735B4D3B255C215C003AFF78 /* TodoAppUITests.swift */,
				735B4D3D255C215C003AFF78 /* Info.plist */,
			);
			path = TodoAppUITests;
			sourceTree = "<group>";
		};
		868D726D1058A2C7E27CB35F /* Frameworks */ = {
			isa = PBXGroup;
			children = (
				03BF9870A1D30A4339CAD742 /* Pods_TodoApp.framework */,
				FC4AFDD0EA56EAD178B10ABB /* Pods_TodoApp_TodoAppUITests.framework */,
				4AEC244E4701AF8144B26A41 /* Pods_TodoAppTests.framework */,
			);
			name = Frameworks;
			sourceTree = "<group>";
		};
		F0ECA8C1BC05A4DFC01DA1E5 /* Pods */ = {
			isa = PBXGroup;
			children = (
				68FD34A9E41B407CCA033999 /* Pods-TodoApp.debug.xcconfig */,
				F79B90CF241BB0F92AF0D84B /* Pods-TodoApp.release.xcconfig */,
				D13583159043C6145A2EEA26 /* Pods-TodoApp-TodoAppUITests.debug.xcconfig */,
				27D63131D6B8AF9706E32535 /* Pods-TodoApp-TodoAppUITests.release.xcconfig */,
				0845C013BFA0041AF331DE7B /* Pods-TodoAppTests.debug.xcconfig */,
				BDF7988128B9C14C7F2CDB18 /* Pods-TodoAppTests.release.xcconfig */,
			);
			path = Pods;
			sourceTree = "<group>";
		};
/* End PBXGroup section */

/* Begin PBXNativeTarget section */
		735B4D1A255C2159003AFF78 /* TodoApp */ = {
			isa = PBXNativeTarget;
			buildConfigurationList = 735B4D40255C215C003AFF78 /* Build configuration list for PBXNativeTarget "TodoApp" */;
			buildPhases = (
				34AB4CA13D9768C2AB783C6F /* [CP] Check Pods Manifest.lock */,
				735B4D17255C2159003AFF78 /* Sources */,
				735B4D18255C2159003AFF78 /* Frameworks */,
				735B4D19255C2159003AFF78 /* Resources */,
				4A10306B60526D4CDA7E0592 /* [CP] Embed Pods Frameworks */,
			);
			buildRules = (
			);
			dependencies = (
			);
			name = TodoApp;
			productName = TodoApp;
			productReference = 735B4D1B255C2159003AFF78 /* TodoApp.app */;
			productType = "com.apple.product-type.application";
		};
		735B4D2B255C215C003AFF78 /* TodoAppTests */ = {
			isa = PBXNativeTarget;
			buildConfigurationList = 735B4D43255C215C003AFF78 /* Build configuration list for PBXNativeTarget "TodoAppTests" */;
			buildPhases = (
				658ABC51F41DE02143EA32D5 /* [CP] Check Pods Manifest.lock */,
				735B4D28255C215C003AFF78 /* Sources */,
				735B4D29255C215C003AFF78 /* Frameworks */,
				735B4D2A255C215C003AFF78 /* Resources */,
			);
			buildRules = (
			);
			dependencies = (
				735B4D2E255C215C003AFF78 /* PBXTargetDependency */,
			);
			name = TodoAppTests;
			productName = TodoAppTests;
			productReference = 735B4D2C255C215C003AFF78 /* TodoAppTests.xctest */;
			productType = "com.apple.product-type.bundle.unit-test";
		};
		735B4D36255C215C003AFF78 /* TodoAppUITests */ = {
			isa = PBXNativeTarget;
			buildConfigurationList = 735B4D46255C215C003AFF78 /* Build configuration list for PBXNativeTarget "TodoAppUITests" */;
			buildPhases = (
				5F5F60113E30C7018E322847 /* [CP] Check Pods Manifest.lock */,
				735B4D33255C215C003AFF78 /* Sources */,
				735B4D34255C215C003AFF78 /* Frameworks */,
				735B4D35255C215C003AFF78 /* Resources */,
				B994AC977ABF7989FB31BB31 /* [CP] Embed Pods Frameworks */,
			);
			buildRules = (
			);
			dependencies = (
				735B4D39255C215C003AFF78 /* PBXTargetDependency */,
			);
			name = TodoAppUITests;
			productName = TodoAppUITests;
			productReference = 735B4D37255C215C003AFF78 /* TodoAppUITests.xctest */;
			productType = "com.apple.product-type.bundle.ui-testing";
		};
/* End PBXNativeTarget section */

/* Begin PBXProject section */
		735B4D13255C2159003AFF78 /* Project object */ = {
			isa = PBXProject;
			attributes = {
				LastSwiftUpdateCheck = 1210;
				LastUpgradeCheck = 1210;
				TargetAttributes = {
					735B4D1A255C2159003AFF78 = {
						CreatedOnToolsVersion = 12.1;
					};
					735B4D2B255C215C003AFF78 = {
						CreatedOnToolsVersion = 12.1;
						TestTargetID = 735B4D1A255C2159003AFF78;
					};
					735B4D36255C215C003AFF78 = {
						CreatedOnToolsVersion = 12.1;
						TestTargetID = 735B4D1A255C2159003AFF78;
					};
				};
			};
			buildConfigurationList = 735B4D16255C2159003AFF78 /* Build configuration list for PBXProject "TodoApp" */;
			compatibilityVersion = "Xcode 9.3";
			developmentRegion = en;
			hasScannedForEncodings = 0;
			knownRegions = (
				en,
				Base,
			);
			mainGroup = 735B4D12255C2159003AFF78;
			productRefGroup = 735B4D1C255C2159003AFF78 /* Products */;
			projectDirPath = "";
			projectRoot = "";
			targets = (
				735B4D1A255C2159003AFF78 /* TodoApp */,
				735B4D2B255C215C003AFF78 /* TodoAppTests */,
				735B4D36255C215C003AFF78 /* TodoAppUITests */,
			);
		};
/* End PBXProject section */

/* Begin PBXResourcesBuildPhase section */
		735B4D19255C2159003AFF78 /* Resources */ = {
			isa = PBXResourcesBuildPhase;
			buildActionMask = 2147483647;
			files = (
				735B4D26255C215C003AFF78 /* Preview Assets.xcassets in Resources */,
				7363ACD0255C4557002BEF41 /* GoogleService-Info.plist in Resources */,
				735B4D23255C215C003AFF78 /* Assets.xcassets in Resources */,
			);
			runOnlyForDeploymentPostprocessing = 0;
		};
		735B4D2A255C215C003AFF78 /* Resources */ = {
			isa = PBXResourcesBuildPhase;
			buildActionMask = 2147483647;
			files = (
			);
			runOnlyForDeploymentPostprocessing = 0;
		};
		735B4D35255C215C003AFF78 /* Resources */ = {
			isa = PBXResourcesBuildPhase;
			buildActionMask = 2147483647;
			files = (
			);
			runOnlyForDeploymentPostprocessing = 0;
		};
/* End PBXResourcesBuildPhase section */

/* Begin PBXShellScriptBuildPhase section */
		34AB4CA13D9768C2AB783C6F /* [CP] Check Pods Manifest.lock */ = {
			isa = PBXShellScriptBuildPhase;
			buildActionMask = 2147483647;
			files = (
			);
			inputFileListPaths = (
			);
			inputPaths = (
				"${PODS_PODFILE_DIR_PATH}/Podfile.lock",
				"${PODS_ROOT}/Manifest.lock",
			);
			name = "[CP] Check Pods Manifest.lock";
			outputFileListPaths = (
			);
			outputPaths = (
				"$(DERIVED_FILE_DIR)/Pods-TodoApp-checkManifestLockResult.txt",
			);
			runOnlyForDeploymentPostprocessing = 0;
			shellPath = /bin/sh;
			shellScript = "diff \"${PODS_PODFILE_DIR_PATH}/Podfile.lock\" \"${PODS_ROOT}/Manifest.lock\" > /dev/null\nif [ $? != 0 ] ; then\n    # print error to STDERR\n    echo \"error: The sandbox is not in sync with the Podfile.lock. Run 'pod install' or update your CocoaPods installation.\" >&2\n    exit 1\nfi\n# This output is used by Xcode 'outputs' to avoid re-running this script phase.\necho \"SUCCESS\" > \"${SCRIPT_OUTPUT_FILE_0}\"\n";
			showEnvVarsInLog = 0;
		};
		4A10306B60526D4CDA7E0592 /* [CP] Embed Pods Frameworks */ = {
			isa = PBXShellScriptBuildPhase;
			buildActionMask = 2147483647;
			files = (
			);
			inputFileListPaths = (
				"${PODS_ROOT}/Target Support Files/Pods-TodoApp/Pods-TodoApp-frameworks-${CONFIGURATION}-input-files.xcfilelist",
			);
			name = "[CP] Embed Pods Frameworks";
			outputFileListPaths = (
				"${PODS_ROOT}/Target Support Files/Pods-TodoApp/Pods-TodoApp-frameworks-${CONFIGURATION}-output-files.xcfilelist",
			);
			runOnlyForDeploymentPostprocessing = 0;
			shellPath = /bin/sh;
			shellScript = "\"${PODS_ROOT}/Target Support Files/Pods-TodoApp/Pods-TodoApp-frameworks.sh\"\n";
			showEnvVarsInLog = 0;
		};
		5F5F60113E30C7018E322847 /* [CP] Check Pods Manifest.lock */ = {
			isa = PBXShellScriptBuildPhase;
			buildActionMask = 2147483647;
			files = (
			);
			inputFileListPaths = (
			);
			inputPaths = (
				"${PODS_PODFILE_DIR_PATH}/Podfile.lock",
				"${PODS_ROOT}/Manifest.lock",
			);
			name = "[CP] Check Pods Manifest.lock";
			outputFileListPaths = (
			);
			outputPaths = (
				"$(DERIVED_FILE_DIR)/Pods-TodoApp-TodoAppUITests-checkManifestLockResult.txt",
			);
			runOnlyForDeploymentPostprocessing = 0;
			shellPath = /bin/sh;
			shellScript = "diff \"${PODS_PODFILE_DIR_PATH}/Podfile.lock\" \"${PODS_ROOT}/Manifest.lock\" > /dev/null\nif [ $? != 0 ] ; then\n    # print error to STDERR\n    echo \"error: The sandbox is not in sync with the Podfile.lock. Run 'pod install' or update your CocoaPods installation.\" >&2\n    exit 1\nfi\n# This output is used by Xcode 'outputs' to avoid re-running this script phase.\necho \"SUCCESS\" > \"${SCRIPT_OUTPUT_FILE_0}\"\n";
			showEnvVarsInLog = 0;
		};
		658ABC51F41DE02143EA32D5 /* [CP] Check Pods Manifest.lock */ = {
			isa = PBXShellScriptBuildPhase;
			buildActionMask = 2147483647;
			files = (
			);
			inputFileListPaths = (
			);
			inputPaths = (
				"${PODS_PODFILE_DIR_PATH}/Podfile.lock",
				"${PODS_ROOT}/Manifest.lock",
			);
			name = "[CP] Check Pods Manifest.lock";
			outputFileListPaths = (
			);
			outputPaths = (
				"$(DERIVED_FILE_DIR)/Pods-TodoAppTests-checkManifestLockResult.txt",
			);
			runOnlyForDeploymentPostprocessing = 0;
			shellPath = /bin/sh;
			shellScript = "diff \"${PODS_PODFILE_DIR_PATH}/Podfile.lock\" \"${PODS_ROOT}/Manifest.lock\" > /dev/null\nif [ $? != 0 ] ; then\n    # print error to STDERR\n    echo \"error: The sandbox is not in sync with the Podfile.lock. Run 'pod install' or update your CocoaPods installation.\" >&2\n    exit 1\nfi\n# This output is used by Xcode 'outputs' to avoid re-running this script phase.\necho \"SUCCESS\" > \"${SCRIPT_OUTPUT_FILE_0}\"\n";
			showEnvVarsInLog = 0;
		};
		B994AC977ABF7989FB31BB31 /* [CP] Embed Pods Frameworks */ = {
			isa = PBXShellScriptBuildPhase;
			buildActionMask = 2147483647;
			files = (
			);
			inputFileListPaths = (
				"${PODS_ROOT}/Target Support Files/Pods-TodoApp-TodoAppUITests/Pods-TodoApp-TodoAppUITests-frameworks-${CONFIGURATION}-input-files.xcfilelist",
			);
			name = "[CP] Embed Pods Frameworks";
			outputFileListPaths = (
				"${PODS_ROOT}/Target Support Files/Pods-TodoApp-TodoAppUITests/Pods-TodoApp-TodoAppUITests-frameworks-${CONFIGURATION}-output-files.xcfilelist",
			);
			runOnlyForDeploymentPostprocessing = 0;
			shellPath = /bin/sh;
			shellScript = "\"${PODS_ROOT}/Target Support Files/Pods-TodoApp-TodoAppUITests/Pods-TodoApp-TodoAppUITests-frameworks.sh\"\n";
			showEnvVarsInLog = 0;
		};
/* End PBXShellScriptBuildPhase section */

/* Begin PBXSourcesBuildPhase section */
		735B4D17255C2159003AFF78 /* Sources */ = {
			isa = PBXSourcesBuildPhase;
			buildActionMask = 2147483647;
			files = (
				735B4D21255C2159003AFF78 /* ContentView.swift in Sources */,
				7363AD5B255D5D8B002BEF41 /* TodoStorage.swift in Sources */,
				7363ACB4255C246C002BEF41 /* Todo.swift in Sources */,
				7363ACC5255C38F0002BEF41 /* ToggleKeyBoardSupport.swift in Sources */,
				735B4D1F255C2159003AFF78 /* TodoAppApp.swift in Sources */,
			);
			runOnlyForDeploymentPostprocessing = 0;
		};
		735B4D28255C215C003AFF78 /* Sources */ = {
			isa = PBXSourcesBuildPhase;
			buildActionMask = 2147483647;
			files = (
				735B4D31255C215C003AFF78 /* TodoAppTests.swift in Sources */,
			);
			runOnlyForDeploymentPostprocessing = 0;
		};
		735B4D33255C215C003AFF78 /* Sources */ = {
			isa = PBXSourcesBuildPhase;
			buildActionMask = 2147483647;
			files = (
				735B4D3C255C215C003AFF78 /* TodoAppUITests.swift in Sources */,
			);
			runOnlyForDeploymentPostprocessing = 0;
		};
/* End PBXSourcesBuildPhase section */

/* Begin PBXTargetDependency section */
		735B4D2E255C215C003AFF78 /* PBXTargetDependency */ = {
			isa = PBXTargetDependency;
			target = 735B4D1A255C2159003AFF78 /* TodoApp */;
			targetProxy = 735B4D2D255C215C003AFF78 /* PBXContainerItemProxy */;
		};
		735B4D39255C215C003AFF78 /* PBXTargetDependency */ = {
			isa = PBXTargetDependency;
			target = 735B4D1A255C2159003AFF78 /* TodoApp */;
			targetProxy = 735B4D38255C215C003AFF78 /* PBXContainerItemProxy */;
		};
/* End PBXTargetDependency section */

/* Begin XCBuildConfiguration section */
		735B4D3E255C215C003AFF78 /* Debug */ = {
			isa = XCBuildConfiguration;
			buildSettings = {
				ALWAYS_SEARCH_USER_PATHS = NO;
				CLANG_ANALYZER_NONNULL = YES;
				CLANG_ANALYZER_NUMBER_OBJECT_CONVERSION = YES_AGGRESSIVE;
				CLANG_CXX_LANGUAGE_STANDARD = "gnu++14";
				CLANG_CXX_LIBRARY = "libc++";
				CLANG_ENABLE_MODULES = YES;
				CLANG_ENABLE_OBJC_ARC = YES;
				CLANG_ENABLE_OBJC_WEAK = YES;
				CLANG_WARN_BLOCK_CAPTURE_AUTORELEASING = YES;
				CLANG_WARN_BOOL_CONVERSION = YES;
				CLANG_WARN_COMMA = YES;
				CLANG_WARN_CONSTANT_CONVERSION = YES;
				CLANG_WARN_DEPRECATED_OBJC_IMPLEMENTATIONS = YES;
				CLANG_WARN_DIRECT_OBJC_ISA_USAGE = YES_ERROR;
				CLANG_WARN_DOCUMENTATION_COMMENTS = YES;
				CLANG_WARN_EMPTY_BODY = YES;
				CLANG_WARN_ENUM_CONVERSION = YES;
				CLANG_WARN_INFINITE_RECURSION = YES;
				CLANG_WARN_INT_CONVERSION = YES;
				CLANG_WARN_NON_LITERAL_NULL_CONVERSION = YES;
				CLANG_WARN_OBJC_IMPLICIT_RETAIN_SELF = YES;
				CLANG_WARN_OBJC_LITERAL_CONVERSION = YES;
				CLANG_WARN_OBJC_ROOT_CLASS = YES_ERROR;
				CLANG_WARN_QUOTED_INCLUDE_IN_FRAMEWORK_HEADER = YES;
				CLANG_WARN_RANGE_LOOP_ANALYSIS = YES;
				CLANG_WARN_STRICT_PROTOTYPES = YES;
				CLANG_WARN_SUSPICIOUS_MOVE = YES;
				CLANG_WARN_UNGUARDED_AVAILABILITY = YES_AGGRESSIVE;
				CLANG_WARN_UNREACHABLE_CODE = YES;
				CLANG_WARN__DUPLICATE_METHOD_MATCH = YES;
				COPY_PHASE_STRIP = NO;
				DEBUG_INFORMATION_FORMAT = dwarf;
				ENABLE_STRICT_OBJC_MSGSEND = YES;
				ENABLE_TESTABILITY = YES;
				GCC_C_LANGUAGE_STANDARD = gnu11;
				GCC_DYNAMIC_NO_PIC = NO;
				GCC_NO_COMMON_BLOCKS = YES;
				GCC_OPTIMIZATION_LEVEL = 0;
				GCC_PREPROCESSOR_DEFINITIONS = (
					"DEBUG=1",
					"$(inherited)",
				);
				GCC_WARN_64_TO_32_BIT_CONVERSION = YES;
				GCC_WARN_ABOUT_RETURN_TYPE = YES_ERROR;
				GCC_WARN_UNDECLARED_SELECTOR = YES;
				GCC_WARN_UNINITIALIZED_AUTOS = YES_AGGRESSIVE;
				GCC_WARN_UNUSED_FUNCTION = YES;
				GCC_WARN_UNUSED_VARIABLE = YES;
				IPHONEOS_DEPLOYMENT_TARGET = 14.0;
				MTL_ENABLE_DEBUG_INFO = INCLUDE_SOURCE;
				MTL_FAST_MATH = YES;
				ONLY_ACTIVE_ARCH = YES;
				SDKROOT = iphoneos;
				SWIFT_ACTIVE_COMPILATION_CONDITIONS = DEBUG;
				SWIFT_OPTIMIZATION_LEVEL = "-Onone";
			};
			name = Debug;
		};
		735B4D3F255C215C003AFF78 /* Release */ = {
			isa = XCBuildConfiguration;
			buildSettings = {
				ALWAYS_SEARCH_USER_PATHS = NO;
				CLANG_ANALYZER_NONNULL = YES;
				CLANG_ANALYZER_NUMBER_OBJECT_CONVERSION = YES_AGGRESSIVE;
				CLANG_CXX_LANGUAGE_STANDARD = "gnu++14";
				CLANG_CXX_LIBRARY = "libc++";
				CLANG_ENABLE_MODULES = YES;
				CLANG_ENABLE_OBJC_ARC = YES;
				CLANG_ENABLE_OBJC_WEAK = YES;
				CLANG_WARN_BLOCK_CAPTURE_AUTORELEASING = YES;
				CLANG_WARN_BOOL_CONVERSION = YES;
				CLANG_WARN_COMMA = YES;
				CLANG_WARN_CONSTANT_CONVERSION = YES;
				CLANG_WARN_DEPRECATED_OBJC_IMPLEMENTATIONS = YES;
				CLANG_WARN_DIRECT_OBJC_ISA_USAGE = YES_ERROR;
				CLANG_WARN_DOCUMENTATION_COMMENTS = YES;
				CLANG_WARN_EMPTY_BODY = YES;
				CLANG_WARN_ENUM_CONVERSION = YES;
				CLANG_WARN_INFINITE_RECURSION = YES;
				CLANG_WARN_INT_CONVERSION = YES;
				CLANG_WARN_NON_LITERAL_NULL_CONVERSION = YES;
				CLANG_WARN_OBJC_IMPLICIT_RETAIN_SELF = YES;
				CLANG_WARN_OBJC_LITERAL_CONVERSION = YES;
				CLANG_WARN_OBJC_ROOT_CLASS = YES_ERROR;
				CLANG_WARN_QUOTED_INCLUDE_IN_FRAMEWORK_HEADER = YES;
				CLANG_WARN_RANGE_LOOP_ANALYSIS = YES;
				CLANG_WARN_STRICT_PROTOTYPES = YES;
				CLANG_WARN_SUSPICIOUS_MOVE = YES;
				CLANG_WARN_UNGUARDED_AVAILABILITY = YES_AGGRESSIVE;
				CLANG_WARN_UNREACHABLE_CODE = YES;
				CLANG_WARN__DUPLICATE_METHOD_MATCH = YES;
				COPY_PHASE_STRIP = NO;
				DEBUG_INFORMATION_FORMAT = "dwarf-with-dsym";
				ENABLE_NS_ASSERTIONS = NO;
				ENABLE_STRICT_OBJC_MSGSEND = YES;
				GCC_C_LANGUAGE_STANDARD = gnu11;
				GCC_NO_COMMON_BLOCKS = YES;
				GCC_WARN_64_TO_32_BIT_CONVERSION = YES;
				GCC_WARN_ABOUT_RETURN_TYPE = YES_ERROR;
				GCC_WARN_UNDECLARED_SELECTOR = YES;
				GCC_WARN_UNINITIALIZED_AUTOS = YES_AGGRESSIVE;
				GCC_WARN_UNUSED_FUNCTION = YES;
				GCC_WARN_UNUSED_VARIABLE = YES;
				IPHONEOS_DEPLOYMENT_TARGET = 14.0;
				MTL_ENABLE_DEBUG_INFO = NO;
				MTL_FAST_MATH = YES;
				SDKROOT = iphoneos;
				SWIFT_COMPILATION_MODE = wholemodule;
				SWIFT_OPTIMIZATION_LEVEL = "-O";
				VALIDATE_PRODUCT = YES;
			};
			name = Release;
		};
		735B4D41255C215C003AFF78 /* Debug */ = {
			isa = XCBuildConfiguration;
			baseConfigurationReference = 68FD34A9E41B407CCA033999 /* Pods-TodoApp.debug.xcconfig */;
			buildSettings = {
				ASSETCATALOG_COMPILER_APPICON_NAME = AppIcon;
				ASSETCATALOG_COMPILER_GLOBAL_ACCENT_COLOR_NAME = AccentColor;
				CODE_SIGN_STYLE = Automatic;
				DEVELOPMENT_ASSET_PATHS = "\"TodoApp/Preview Content\"";
				DEVELOPMENT_TEAM = W26GVS4M5S;
				ENABLE_PREVIEWS = YES;
				INFOPLIST_FILE = TodoApp/Info.plist;
				IPHONEOS_DEPLOYMENT_TARGET = 14.0;
				LD_RUNPATH_SEARCH_PATHS = (
					"$(inherited)",
					"@executable_path/Frameworks",
				);
				PRODUCT_BUNDLE_IDENTIFIER = com.connect.TodoApp;
				PRODUCT_NAME = "$(TARGET_NAME)";
				SWIFT_VERSION = 5.0;
				TARGETED_DEVICE_FAMILY = "1,2";
			};
			name = Debug;
		};
		735B4D42255C215C003AFF78 /* Release */ = {
			isa = XCBuildConfiguration;
			baseConfigurationReference = F79B90CF241BB0F92AF0D84B /* Pods-TodoApp.release.xcconfig */;
			buildSettings = {
				ASSETCATALOG_COMPILER_APPICON_NAME = AppIcon;
				ASSETCATALOG_COMPILER_GLOBAL_ACCENT_COLOR_NAME = AccentColor;
				CODE_SIGN_STYLE = Automatic;
				DEVELOPMENT_ASSET_PATHS = "\"TodoApp/Preview Content\"";
				DEVELOPMENT_TEAM = W26GVS4M5S;
				ENABLE_PREVIEWS = YES;
				INFOPLIST_FILE = TodoApp/Info.plist;
				IPHONEOS_DEPLOYMENT_TARGET = 14.0;
				LD_RUNPATH_SEARCH_PATHS = (
					"$(inherited)",
					"@executable_path/Frameworks",
				);
				PRODUCT_BUNDLE_IDENTIFIER = com.connect.TodoApp;
				PRODUCT_NAME = "$(TARGET_NAME)";
				SWIFT_VERSION = 5.0;
				TARGETED_DEVICE_FAMILY = "1,2";
			};
			name = Release;
		};
		735B4D44255C215C003AFF78 /* Debug */ = {
			isa = XCBuildConfiguration;
			baseConfigurationReference = 0845C013BFA0041AF331DE7B /* Pods-TodoAppTests.debug.xcconfig */;
			buildSettings = {
				ALWAYS_EMBED_SWIFT_STANDARD_LIBRARIES = YES;
				BUNDLE_LOADER = "$(TEST_HOST)";
				CODE_SIGN_STYLE = Automatic;
				DEVELOPMENT_TEAM = W26GVS4M5S;
				INFOPLIST_FILE = TodoAppTests/Info.plist;
				IPHONEOS_DEPLOYMENT_TARGET = 14.0;
				LD_RUNPATH_SEARCH_PATHS = (
					"$(inherited)",
					"@executable_path/Frameworks",
					"@loader_path/Frameworks",
				);
				PRODUCT_BUNDLE_IDENTIFIER = com.connect.TodoAppTests;
				PRODUCT_NAME = "$(TARGET_NAME)";
				SWIFT_VERSION = 5.0;
				TARGETED_DEVICE_FAMILY = "1,2";
				TEST_HOST = "$(BUILT_PRODUCTS_DIR)/TodoApp.app/TodoApp";
			};
			name = Debug;
		};
		735B4D45255C215C003AFF78 /* Release */ = {
			isa = XCBuildConfiguration;
			baseConfigurationReference = BDF7988128B9C14C7F2CDB18 /* Pods-TodoAppTests.release.xcconfig */;
			buildSettings = {
				ALWAYS_EMBED_SWIFT_STANDARD_LIBRARIES = YES;
				BUNDLE_LOADER = "$(TEST_HOST)";
				CODE_SIGN_STYLE = Automatic;
				DEVELOPMENT_TEAM = W26GVS4M5S;
				INFOPLIST_FILE = TodoAppTests/Info.plist;
				IPHONEOS_DEPLOYMENT_TARGET = 14.0;
				LD_RUNPATH_SEARCH_PATHS = (
					"$(inherited)",
					"@executable_path/Frameworks",
					"@loader_path/Frameworks",
				);
				PRODUCT_BUNDLE_IDENTIFIER = com.connect.TodoAppTests;
				PRODUCT_NAME = "$(TARGET_NAME)";
				SWIFT_VERSION = 5.0;
				TARGETED_DEVICE_FAMILY = "1,2";
				TEST_HOST = "$(BUILT_PRODUCTS_DIR)/TodoApp.app/TodoApp";
			};
			name = Release;
		};
		735B4D47255C215C003AFF78 /* Debug */ = {
			isa = XCBuildConfiguration;
			baseConfigurationReference = D13583159043C6145A2EEA26 /* Pods-TodoApp-TodoAppUITests.debug.xcconfig */;
			buildSettings = {
				ALWAYS_EMBED_SWIFT_STANDARD_LIBRARIES = YES;
				CODE_SIGN_STYLE = Automatic;
				DEVELOPMENT_TEAM = W26GVS4M5S;
				INFOPLIST_FILE = TodoAppUITests/Info.plist;
				LD_RUNPATH_SEARCH_PATHS = (
					"$(inherited)",
					"@executable_path/Frameworks",
					"@loader_path/Frameworks",
				);
				PRODUCT_BUNDLE_IDENTIFIER = com.connect.TodoAppUITests;
				PRODUCT_NAME = "$(TARGET_NAME)";
				SWIFT_VERSION = 5.0;
				TARGETED_DEVICE_FAMILY = "1,2";
				TEST_TARGET_NAME = TodoApp;
			};
			name = Debug;
		};
		735B4D48255C215C003AFF78 /* Release */ = {
			isa = XCBuildConfiguration;
			baseConfigurationReference = 27D63131D6B8AF9706E32535 /* Pods-TodoApp-TodoAppUITests.release.xcconfig */;
			buildSettings = {
				ALWAYS_EMBED_SWIFT_STANDARD_LIBRARIES = YES;
				CODE_SIGN_STYLE = Automatic;
				DEVELOPMENT_TEAM = W26GVS4M5S;
				INFOPLIST_FILE = TodoAppUITests/Info.plist;
				LD_RUNPATH_SEARCH_PATHS = (
					"$(inherited)",
					"@executable_path/Frameworks",
					"@loader_path/Frameworks",
				);
				PRODUCT_BUNDLE_IDENTIFIER = com.connect.TodoAppUITests;
				PRODUCT_NAME = "$(TARGET_NAME)";
				SWIFT_VERSION = 5.0;
				TARGETED_DEVICE_FAMILY = "1,2";
				TEST_TARGET_NAME = TodoApp;
			};
			name = Release;
		};
/* End XCBuildConfiguration section */

/* Begin XCConfigurationList section */
		735B4D16255C2159003AFF78 /* Build configuration list for PBXProject "TodoApp" */ = {
			isa = XCConfigurationList;
			buildConfigurations = (
				735B4D3E255C215C003AFF78 /* Debug */,
				735B4D3F255C215C003AFF78 /* Release */,
			);
			defaultConfigurationIsVisible = 0;
			defaultConfigurationName = Release;
		};
		735B4D40255C215C003AFF78 /* Build configuration list for PBXNativeTarget "TodoApp" */ = {
			isa = XCConfigurationList;
			buildConfigurations = (
				735B4D41255C215C003AFF78 /* Debug */,
				735B4D42255C215C003AFF78 /* Release */,
			);
			defaultConfigurationIsVisible = 0;
			defaultConfigurationName = Release;
		};
		735B4D43255C215C003AFF78 /* Build configuration list for PBXNativeTarget "TodoAppTests" */ = {
			isa = XCConfigurationList;
			buildConfigurations = (
				735B4D44255C215C003AFF78 /* Debug */,
				735B4D45255C215C003AFF78 /* Release */,
			);
			defaultConfigurationIsVisible = 0;
			defaultConfigurationName = Release;
		};
		735B4D46255C215C003AFF78 /* Build configuration list for PBXNativeTarget "TodoAppUITests" */ = {
			isa = XCConfigurationList;
			buildConfigurations = (
				735B4D47255C215C003AFF78 /* Debug */,
				735B4D48255C215C003AFF78 /* Release */,
			);
			defaultConfigurationIsVisible = 0;
			defaultConfigurationName = Release;
		};
/* End XCConfigurationList section */
	};
	rootObject = 735B4D13255C2159003AFF78 /* Project object */;
}
